
Microsoft Visual Studio Solution File, Format Version 12.00
# Visual Studio Version 17
VisualStudioVersion = 17.2.32602.215
MinimumVisualStudioVersion = 10.0.40219.1
Project("{FAE04EC0-301F-11D3-BF4B-00C04F79EFBC}") = "NotifyR.Api", "NotifyR\NotifyR.Api.csproj", "{F4214C67-A917-44B7-9436-04C6AF4B6F5E}"
EndProject
Project("{FAE04EC0-301F-11D3-BF4B-00C04F79EFBC}") = "NotifyR.Sample.Client", "NotifyR.Sample.Client\NotifyR.Sample.Client.csproj", "{E0ECA975-D7BC-44B9-A1FA-71B20BA58D37}"
EndProject
Global
	GlobalSection(SolutionConfigurationPlatforms) = preSolution
		Debug|Any CPU = Debug|Any CPU
		Release|Any CPU = Release|Any CPU
	EndGlobalSection
	GlobalSection(ProjectConfigurationPlatforms) = postSolution
		{F4214C67-A917-44B7-9436-04C6AF4B6F5E}.Debug|Any CPU.ActiveCfg = Debug|Any CPU
		{F4214C67-A917-44B7-9436-04C6AF4B6F5E}.Debug|Any CPU.Build.0 = Debug|Any CPU
		{F4214C67-A917-44B7-9436-04C6AF4B6F5E}.Release|Any CPU.ActiveCfg = Release|Any CPU
		{F4214C67-A917-44B7-9436-04C6AF4B6F5E}.Release|Any CPU.Build.0 = Release|Any CPU
		{E0ECA975-D7BC-44B9-A1FA-71B20BA58D37}.Debug|Any CPU.ActiveCfg = Debug|Any CPU
		{E0ECA975-D7BC-44B9-A1FA-71B20BA58D37}.Debug|Any CPU.Build.0 = Debug|Any CPU
		{E0ECA975-D7BC-44B9-A1FA-71B20BA58D37}.Release|Any CPU.ActiveCfg = Release|Any CPU
		{E0ECA975-D7BC-44B9-A1FA-71B20BA58D37}.Release|Any CPU.Build.0 = Release|Any CPU
	EndGlobalSection
	GlobalSection(SolutionProperties) = preSolution
		HideSolutionNode = FALSE
	EndGlobalSection
	GlobalSection(ExtensibilityGlobals) = postSolution
		SolutionGuid = {D508F1F4-CB17-40B3-9C68-44D9C6ED13AF}
	EndGlobalSection
EndGlobal
